
Microsoft Visual Studio Solution File, Format Version 12.00
# Visual Studio Version 16
VisualStudioVersion = 16.0.30711.63
MinimumVisualStudioVersion = 10.0.40219.1
Project("{9A19103F-16F7-4668-BE54-9A1E7A4F7556}") = "SliboxMet", "SliboxMet\SliboxMet.csproj", "{60A54997-E8BE-49B6-A325-F3E7E0AEA4A1}"
EndProject
Project("{FAE04EC0-301F-11D3-BF4B-00C04F79EFBC}") = "SkillMet2", "SkillMet2\SkillMet2.csproj", "{8F859E47-7ECC-4D3D-9793-210988F91EF4}"
EndProject
Global
	GlobalSection(SolutionConfigurationPlatforms) = preSolution
		Debug|Any CPU = Debug|Any CPU
		Release|Any CPU = Release|Any CPU
	EndGlobalSection
	GlobalSection(ProjectConfigurationPlatforms) = postSolution
		{60A54997-E8BE-49B6-A325-F3E7E0AEA4A1}.Debug|Any CPU.ActiveCfg = Debug|Any CPU
		{60A54997-E8BE-49B6-A325-F3E7E0AEA4A1}.Debug|Any CPU.Build.0 = Debug|Any CPU
		{60A54997-E8BE-49B6-A325-F3E7E0AEA4A1}.Release|Any CPU.ActiveCfg = Release|Any CPU
		{60A54997-E8BE-49B6-A325-F3E7E0AEA4A1}.Release|Any CPU.Build.0 = Release|Any CPU
		{8F859E47-7ECC-4D3D-9793-210988F91EF4}.Debug|Any CPU.ActiveCfg = Debug|Any CPU
		{8F859E47-7ECC-4D3D-9793-210988F91EF4}.Debug|Any CPU.Build.0 = Debug|Any CPU
		{8F859E47-7ECC-4D3D-9793-210988F91EF4}.Release|Any CPU.ActiveCfg = Release|Any CPU
		{8F859E47-7ECC-4D3D-9793-210988F91EF4}.Release|Any CPU.Build.0 = Release|Any CPU
	EndGlobalSection
	GlobalSection(SolutionProperties) = preSolution
		HideSolutionNode = FALSE
	EndGlobalSection
	GlobalSection(ExtensibilityGlobals) = postSolution
		SolutionGuid = {FF587C83-C63A-46A1-B5B0-E8B3DE94C699}
	EndGlobalSection
EndGlobal
